// !$*UTF8*$!
{
	archiveVersion = 1;
	classes = {
	};
	objectVersion = 46;
	objects = {

/* Begin PBXBuildFile section */
		97A4C9CA1C59737E0072C058 /* main.m in Sources */ = {isa = PBXBuildFile; fileRef = 97A4C9C91C59737E0072C058 /* main.m */; };
		97A4C9CD1C59737E0072C058 /* AppDelegate.m in Sources */ = {isa = PBXBuildFile; fileRef = 97A4C9CC1C59737E0072C058 /* AppDelegate.m */; };
		97A4C9D01C59737E0072C058 /* ViewController.m in Sources */ = {isa = PBXBuildFile; fileRef = 97A4C9CF1C59737E0072C058 /* ViewController.m */; };
		97A4C9D31C59737E0072C058 /* Main.storyboard in Resources */ = {isa = PBXBuildFile; fileRef = 97A4C9D11C59737E0072C058 /* Main.storyboard */; };
		97A4C9D61C59737E0072C058 /* BookClub.xcdatamodeld in Sources */ = {isa = PBXBuildFile; fileRef = 97A4C9D41C59737E0072C058 /* BookClub.xcdatamodeld */; };
		97A4C9D81C59737E0072C058 /* Assets.xcassets in Resources */ = {isa = PBXBuildFile; fileRef = 97A4C9D71C59737E0072C058 /* Assets.xcassets */; };
		97A4C9DB1C59737E0072C058 /* LaunchScreen.storyboard in Resources */ = {isa = PBXBuildFile; fileRef = 97A4C9D91C59737E0072C058 /* LaunchScreen.storyboard */; };
		97A4C9E41C59747B0072C058 /* FriendsTableTableViewController.m in Sources */ = {isa = PBXBuildFile; fileRef = 97A4C9E31C59747B0072C058 /* FriendsTableTableViewController.m */; };
		97A4C9E61C5974C80072C058 /* friends.json in Resources */ = {isa = PBXBuildFile; fileRef = 97A4C9E51C5974C80072C058 /* friends.json */; };
		97A4C9F31C5979290072C058 /* Book+CoreDataProperties.m in Sources */ = {isa = PBXBuildFile; fileRef = 97A4C9E81C5979290072C058 /* Book+CoreDataProperties.m */; };
		97A4C9F41C5979290072C058 /* Book.m in Sources */ = {isa = PBXBuildFile; fileRef = 97A4C9EA1C5979290072C058 /* Book.m */; };
		97A4C9F51C5979290072C058 /* Friend+CoreDataProperties.m in Sources */ = {isa = PBXBuildFile; fileRef = 97A4C9EC1C5979290072C058 /* Friend+CoreDataProperties.m */; };
		97A4C9F61C5979290072C058 /* Friend.m in Sources */ = {isa = PBXBuildFile; fileRef = 97A4C9EE1C5979290072C058 /* Friend.m */; };
		97A4C9F71C5979290072C058 /* Comment+CoreDataProperties.m in Sources */ = {isa = PBXBuildFile; fileRef = 97A4C9F01C5979290072C058 /* Comment+CoreDataProperties.m */; };
		97A4C9F81C5979290072C058 /* Comment.m in Sources */ = {isa = PBXBuildFile; fileRef = 97A4C9F21C5979290072C058 /* Comment.m */; };
		97A4C9FD1C597FFE0072C058 /* User+CoreDataProperties.m in Sources */ = {isa = PBXBuildFile; fileRef = 97A4C9FA1C597FFE0072C058 /* User+CoreDataProperties.m */; };
		97A4C9FE1C597FFE0072C058 /* User.m in Sources */ = {isa = PBXBuildFile; fileRef = 97A4C9FC1C597FFE0072C058 /* User.m */; };
/* End PBXBuildFile section */

/* Begin PBXFileReference section */
		97A4C9C51C59737E0072C058 /* BookClub.app */ = {isa = PBXFileReference; explicitFileType = wrapper.application; includeInIndex = 0; path = BookClub.app; sourceTree = BUILT_PRODUCTS_DIR; };
		97A4C9C91C59737E0072C058 /* main.m */ = {isa = PBXFileReference; lastKnownFileType = sourcecode.c.objc; path = main.m; sourceTree = "<group>"; };
		97A4C9CB1C59737E0072C058 /* AppDelegate.h */ = {isa = PBXFileReference; lastKnownFileType = sourcecode.c.h; path = AppDelegate.h; sourceTree = "<group>"; };
		97A4C9CC1C59737E0072C058 /* AppDelegate.m */ = {isa = PBXFileReference; lastKnownFileType = sourcecode.c.objc; path = AppDelegate.m; sourceTree = "<group>"; };
		97A4C9CE1C59737E0072C058 /* ViewController.h */ = {isa = PBXFileReference; lastKnownFileType = sourcecode.c.h; path = ViewController.h; sourceTree = "<group>"; };
		97A4C9CF1C59737E0072C058 /* ViewController.m */ = {isa = PBXFileReference; lastKnownFileType = sourcecode.c.objc; path = ViewController.m; sourceTree = "<group>"; };
		97A4C9D21C59737E0072C058 /* Base */ = {isa = PBXFileReference; lastKnownFileType = file.storyboard; name = Base; path = Base.lproj/Main.storyboard; sourceTree = "<group>"; };
		97A4C9D51C59737E0072C058 /* BookClub.xcdatamodel */ = {isa = PBXFileReference; lastKnownFileType = wrapper.xcdatamodel; path = BookClub.xcdatamodel; sourceTree = "<group>"; };
		97A4C9D71C59737E0072C058 /* Assets.xcassets */ = {isa = PBXFileReference; lastKnownFileType = folder.assetcatalog; path = Assets.xcassets; sourceTree = "<group>"; };
		97A4C9DA1C59737E0072C058 /* Base */ = {isa = PBXFileReference; lastKnownFileType = file.storyboard; name = Base; path = Base.lproj/LaunchScreen.storyboard; sourceTree = "<group>"; };
		97A4C9DC1C59737E0072C058 /* Info.plist */ = {isa = PBXFileReference; lastKnownFileType = text.plist.xml; path = Info.plist; sourceTree = "<group>"; };
		97A4C9E21C59747B0072C058 /* FriendsTableTableViewController.h */ = {isa = PBXFileReference; fileEncoding = 4; lastKnownFileType = sourcecode.c.h; path = FriendsTableTableViewController.h; sourceTree = "<group>"; };
		97A4C9E31C59747B0072C058 /* FriendsTableTableViewController.m */ = {isa = PBXFileReference; fileEncoding = 4; lastKnownFileType = sourcecode.c.objc; path = FriendsTableTableViewController.m; sourceTree = "<group>"; };
		97A4C9E51C5974C80072C058 /* friends.json */ = {isa = PBXFileReference; fileEncoding = 4; lastKnownFileType = text.json; path = friends.json; sourceTree = "<group>"; };
		97A4C9E71C5979290072C058 /* Book+CoreDataProperties.h */ = {isa = PBXFileReference; fileEncoding = 4; lastKnownFileType = sourcecode.c.h; path = "Book+CoreDataProperties.h"; sourceTree = "<group>"; };
		97A4C9E81C5979290072C058 /* Book+CoreDataProperties.m */ = {isa = PBXFileReference; fileEncoding = 4; lastKnownFileType = sourcecode.c.objc; path = "Book+CoreDataProperties.m"; sourceTree = "<group>"; };
		97A4C9E91C5979290072C058 /* Book.h */ = {isa = PBXFileReference; fileEncoding = 4; lastKnownFileType = sourcecode.c.h; path = Book.h; sourceTree = "<group>"; };
		97A4C9EA1C5979290072C058 /* Book.m */ = {isa = PBXFileReference; fileEncoding = 4; lastKnownFileType = sourcecode.c.objc; path = Book.m; sourceTree = "<group>"; };
		97A4C9EB1C5979290072C058 /* Friend+CoreDataProperties.h */ = {isa = PBXFileReference; fileEncoding = 4; lastKnownFileType = sourcecode.c.h; path = "Friend+CoreDataProperties.h"; sourceTree = "<group>"; };
		97A4C9EC1C5979290072C058 /* Friend+CoreDataProperties.m */ = {isa = PBXFileReference; fileEncoding = 4; lastKnownFileType = sourcecode.c.objc; path = "Friend+CoreDataProperties.m"; sourceTree = "<group>"; };
		97A4C9ED1C5979290072C058 /* Friend.h */ = {isa = PBXFileReference; fileEncoding = 4; lastKnownFileType = sourcecode.c.h; path = Friend.h; sourceTree = "<group>"; };
		97A4C9EE1C5979290072C058 /* Friend.m */ = {isa = PBXFileReference; fileEncoding = 4; lastKnownFileType = sourcecode.c.objc; path = Friend.m; sourceTree = "<group>"; };
		97A4C9EF1C5979290072C058 /* Comment+CoreDataProperties.h */ = {isa = PBXFileReference; fileEncoding = 4; lastKnownFileType = sourcecode.c.h; path = "Comment+CoreDataProperties.h"; sourceTree = "<group>"; };
		97A4C9F01C5979290072C058 /* Comment+CoreDataProperties.m */ = {isa = PBXFileReference; fileEncoding = 4; lastKnownFileType = sourcecode.c.objc; path = "Comment+CoreDataProperties.m"; sourceTree = "<group>"; };
		97A4C9F11C5979290072C058 /* Comment.h */ = {isa = PBXFileReference; fileEncoding = 4; lastKnownFileType = sourcecode.c.h; path = Comment.h; sourceTree = "<group>"; };
		97A4C9F21C5979290072C058 /* Comment.m */ = {isa = PBXFileReference; fileEncoding = 4; lastKnownFileType = sourcecode.c.objc; path = Comment.m; sourceTree = "<group>"; };
		97A4C9F91C597FFE0072C058 /* User+CoreDataProperties.h */ = {isa = PBXFileReference; fileEncoding = 4; lastKnownFileType = sourcecode.c.h; path = "User+CoreDataProperties.h"; sourceTree = "<group>"; };
		97A4C9FA1C597FFE0072C058 /* User+CoreDataProperties.m */ = {isa = PBXFileReference; fileEncoding = 4; lastKnownFileType = sourcecode.c.objc; path = "User+CoreDataProperties.m"; sourceTree = "<group>"; };
		97A4C9FB1C597FFE0072C058 /* User.h */ = {isa = PBXFileReference; fileEncoding = 4; lastKnownFileType = sourcecode.c.h; path = User.h; sourceTree = "<group>"; };
		97A4C9FC1C597FFE0072C058 /* User.m */ = {isa = PBXFileReference; fileEncoding = 4; lastKnownFileType = sourcecode.c.objc; path = User.m; sourceTree = "<group>"; };
/* End PBXFileReference section */

/* Begin PBXFrameworksBuildPhase section */
		97A4C9C21C59737E0072C058 /* Frameworks */ = {
			isa = PBXFrameworksBuildPhase;
			buildActionMask = 2147483647;
			files = (
			);
			runOnlyForDeploymentPostprocessing = 0;
		};
/* End PBXFrameworksBuildPhase section */

/* Begin PBXGroup section */
		97A4C9BC1C59737E0072C058 = {
			isa = PBXGroup;
			children = (
				97A4C9F91C597FFE0072C058 /* User+CoreDataProperties.h */,
				97A4C9FA1C597FFE0072C058 /* User+CoreDataProperties.m */,
				97A4C9FB1C597FFE0072C058 /* User.h */,
				97A4C9FC1C597FFE0072C058 /* User.m */,
				97A4C9E71C5979290072C058 /* Book+CoreDataProperties.h */,
				97A4C9E81C5979290072C058 /* Book+CoreDataProperties.m */,
				97A4C9E91C5979290072C058 /* Book.h */,
				97A4C9EA1C5979290072C058 /* Book.m */,
				97A4C9EB1C5979290072C058 /* Friend+CoreDataProperties.h */,
				97A4C9EC1C5979290072C058 /* Friend+CoreDataProperties.m */,
				97A4C9ED1C5979290072C058 /* Friend.h */,
				97A4C9EE1C5979290072C058 /* Friend.m */,
				97A4C9EF1C5979290072C058 /* Comment+CoreDataProperties.h */,
				97A4C9F01C5979290072C058 /* Comment+CoreDataProperties.m */,
				97A4C9F11C5979290072C058 /* Comment.h */,
				97A4C9F21C5979290072C058 /* Comment.m */,
				97A4C9C71C59737E0072C058 /* BookClub */,
				97A4C9C61C59737E0072C058 /* Products */,
			);
			sourceTree = "<group>";
		};
		97A4C9C61C59737E0072C058 /* Products */ = {
			isa = PBXGroup;
			children = (
				97A4C9C51C59737E0072C058 /* BookClub.app */,
			);
			name = Products;
			sourceTree = "<group>";
		};
		97A4C9C71C59737E0072C058 /* BookClub */ = {
			isa = PBXGroup;
			children = (
				97A4C9CE1C59737E0072C058 /* ViewController.h */,
				97A4C9CF1C59737E0072C058 /* ViewController.m */,
				97A4C9E21C59747B0072C058 /* FriendsTableTableViewController.h */,
				97A4C9E31C59747B0072C058 /* FriendsTableTableViewController.m */,
				97A4C9D11C59737E0072C058 /* Main.storyboard */,
				97A4C9D71C59737E0072C058 /* Assets.xcassets */,
				97A4C9D91C59737E0072C058 /* LaunchScreen.storyboard */,
				97A4C9DC1C59737E0072C058 /* Info.plist */,
				97A4C9D41C59737E0072C058 /* BookClub.xcdatamodeld */,
				97A4C9E51C5974C80072C058 /* friends.json */,
				97A4C9C81C59737E0072C058 /* Supporting Files */,
			);
			path = BookClub;
			sourceTree = "<group>";
		};
		97A4C9C81C59737E0072C058 /* Supporting Files */ = {
			isa = PBXGroup;
			children = (
				97A4C9CB1C59737E0072C058 /* AppDelegate.h */,
				97A4C9CC1C59737E0072C058 /* AppDelegate.m */,
				97A4C9C91C59737E0072C058 /* main.m */,
			);
			name = "Supporting Files";
			sourceTree = "<group>";
		};
/* End PBXGroup section */

/* Begin PBXNativeTarget section */
		97A4C9C41C59737E0072C058 /* BookClub */ = {
			isa = PBXNativeTarget;
			buildConfigurationList = 97A4C9DF1C59737E0072C058 /* Build configuration list for PBXNativeTarget "BookClub" */;
			buildPhases = (
				97A4C9C11C59737E0072C058 /* Sources */,
				97A4C9C21C59737E0072C058 /* Frameworks */,
				97A4C9C31C59737E0072C058 /* Resources */,
			);
			buildRules = (
			);
			dependencies = (
			);
			name = BookClub;
			productName = BookClub;
			productReference = 97A4C9C51C59737E0072C058 /* BookClub.app */;
			productType = "com.apple.product-type.application";
		};
/* End PBXNativeTarget section */

/* Begin PBXProject section */
		97A4C9BD1C59737E0072C058 /* Project object */ = {
			isa = PBXProject;
			attributes = {
				LastUpgradeCheck = 0720;
				ORGANIZATIONNAME = "Andrew Chen";
				TargetAttributes = {
					97A4C9C41C59737E0072C058 = {
						CreatedOnToolsVersion = 7.2;
						DevelopmentTeam = UUKJ3Z33B8;
					};
				};
			};
			buildConfigurationList = 97A4C9C01C59737E0072C058 /* Build configuration list for PBXProject "BookClub" */;
			compatibilityVersion = "Xcode 3.2";
			developmentRegion = English;
			hasScannedForEncodings = 0;
			knownRegions = (
				en,
				Base,
			);
			mainGroup = 97A4C9BC1C59737E0072C058;
			productRefGroup = 97A4C9C61C59737E0072C058 /* Products */;
			projectDirPath = "";
			projectRoot = "";
			targets = (
				97A4C9C41C59737E0072C058 /* BookClub */,
			);
		};
/* End PBXProject section */

/* Begin PBXResourcesBuildPhase section */
		97A4C9C31C59737E0072C058 /* Resources */ = {
			isa = PBXResourcesBuildPhase;
			buildActionMask = 2147483647;
			files = (
				97A4C9DB1C59737E0072C058 /* LaunchScreen.storyboard in Resources */,
				97A4C9D81C59737E0072C058 /* Assets.xcassets in Resources */,
				97A4C9D31C59737E0072C058 /* Main.storyboard in Resources */,
				97A4C9E61C5974C80072C058 /* friends.json in Resources */,
			);
			runOnlyForDeploymentPostprocessing = 0;
		};
/* End PBXResourcesBuildPhase section */

/* Begin PBXSourcesBuildPhase section */
		97A4C9C11C59737E0072C058 /* Sources */ = {
			isa = PBXSourcesBuildPhase;
			buildActionMask = 2147483647;
			files = (
				97A4C9FE1C597FFE0072C058 /* User.m in Sources */,
				97A4C9D01C59737E0072C058 /* ViewController.m in Sources */,
				97A4C9F71C5979290072C058 /* Comment+CoreDataProperties.m in Sources */,
				97A4C9F51C5979290072C058 /* Friend+CoreDataProperties.m in Sources */,
				97A4C9F81C5979290072C058 /* Comment.m in Sources */,
				97A4C9CD1C59737E0072C058 /* AppDelegate.m in Sources */,
				97A4C9F61C5979290072C058 /* Friend.m in Sources */,
				97A4C9FD1C597FFE0072C058 /* User+CoreDataProperties.m in Sources */,
				97A4C9F31C5979290072C058 /* Book+CoreDataProperties.m in Sources */,
				97A4C9E41C59747B0072C058 /* FriendsTableTableViewController.m in Sources */,
				97A4C9D61C59737E0072C058 /* BookClub.xcdatamodeld in Sources */,
				97A4C9F41C5979290072C058 /* Book.m in Sources */,
				97A4C9CA1C59737E0072C058 /* main.m in Sources */,
			);
			runOnlyForDeploymentPostprocessing = 0;
		};
/* End PBXSourcesBuildPhase section */

/* Begin PBXVariantGroup section */
		97A4C9D11C59737E0072C058 /* Main.storyboard */ = {
			isa = PBXVariantGroup;
			children = (
				97A4C9D21C59737E0072C058 /* Base */,
			);
			name = Main.storyboard;
			sourceTree = "<group>";
		};
		97A4C9D91C59737E0072C058 /* LaunchScreen.storyboard */ = {
			isa = PBXVariantGroup;
			children = (
				97A4C9DA1C59737E0072C058 /* Base */,
			);
			name = LaunchScreen.storyboard;
			sourceTree = "<group>";
		};
/* End PBXVariantGroup section */

/* Begin XCBuildConfiguration section */
		97A4C9DD1C59737E0072C058 /* Debug */ = {
			isa = XCBuildConfiguration;
			buildSettings = {
				ALWAYS_SEARCH_USER_PATHS = NO;
				CLANG_CXX_LANGUAGE_STANDARD = "gnu++0x";
				CLANG_CXX_LIBRARY = "libc++";
				CLANG_ENABLE_MODULES = YES;
				CLANG_ENABLE_OBJC_ARC = YES;
				CLANG_WARN_BOOL_CONVERSION = YES;
				CLANG_WARN_CONSTANT_CONVERSION = YES;
				CLANG_WARN_DIRECT_OBJC_ISA_USAGE = YES_ERROR;
				CLANG_WARN_EMPTY_BODY = YES;
				CLANG_WARN_ENUM_CONVERSION = YES;
				CLANG_WARN_INT_CONVERSION = YES;
				CLANG_WARN_OBJC_ROOT_CLASS = YES_ERROR;
				CLANG_WARN_UNREACHABLE_CODE = YES;
				CLANG_WARN__DUPLICATE_METHOD_MATCH = YES;
				"CODE_SIGN_IDENTITY[sdk=iphoneos*]" = "iPhone Developer";
				COPY_PHASE_STRIP = NO;
				DEBUG_INFORMATION_FORMAT = dwarf;
				ENABLE_STRICT_OBJC_MSGSEND = YES;
				ENABLE_TESTABILITY = YES;
				GCC_C_LANGUAGE_STANDARD = gnu99;
				GCC_DYNAMIC_NO_PIC = NO;
				GCC_NO_COMMON_BLOCKS = YES;
				GCC_OPTIMIZATION_LEVEL = 0;
				GCC_PREPROCESSOR_DEFINITIONS = (
					"DEBUG=1",
					"$(inherited)",
				);
				GCC_WARN_64_TO_32_BIT_CONVERSION = YES;
				GCC_WARN_ABOUT_RETURN_TYPE = YES_ERROR;
				GCC_WARN_UNDECLARED_SELECTOR = YES;
				GCC_WARN_UNINITIALIZED_AUTOS = YES_AGGRESSIVE;
				GCC_WARN_UNUSED_FUNCTION = YES;
				GCC_WARN_UNUSED_VARIABLE = YES;
				IPHONEOS_DEPLOYMENT_TARGET = 9.2;
				MTL_ENABLE_DEBUG_INFO = YES;
				ONLY_ACTIVE_ARCH = YES;
				SDKROOT = iphoneos;
			};
			name = Debug;
		};
		97A4C9DE1C59737E0072C058 /* Release */ = {
			isa = XCBuildConfiguration;
			buildSettings = {
				ALWAYS_SEARCH_USER_PATHS = NO;
				CLANG_CXX_LANGUAGE_STANDARD = "gnu++0x";
				CLANG_CXX_LIBRARY = "libc++";
				CLANG_ENABLE_MODULES = YES;
				CLANG_ENABLE_OBJC_ARC = YES;
				CLANG_WARN_BOOL_CONVERSION = YES;
				CLANG_WARN_CONSTANT_CONVERSION = YES;
				CLANG_WARN_DIRECT_OBJC_ISA_USAGE = YES_ERROR;
				CLANG_WARN_EMPTY_BODY = YES;
				CLANG_WARN_ENUM_CONVERSION = YES;
				CLANG_WARN_INT_CONVERSION = YES;
				CLANG_WARN_OBJC_ROOT_CLASS = YES_ERROR;
				CLANG_WARN_UNREACHABLE_CODE = YES;
				CLANG_WARN__DUPLICATE_METHOD_MATCH = YES;
				"CODE_SIGN_IDENTITY[sdk=iphoneos*]" = "iPhone Developer";
				COPY_PHASE_STRIP = NO;
				DEBUG_INFORMATION_FORMAT = "dwarf-with-dsym";
				ENABLE_NS_ASSERTIONS = NO;
				ENABLE_STRICT_OBJC_MSGSEND = YES;
				GCC_C_LANGUAGE_STANDARD = gnu99;
				GCC_NO_COMMON_BLOCKS = YES;
				GCC_WARN_64_TO_32_BIT_CONVERSION = YES;
				GCC_WARN_ABOUT_RETURN_TYPE = YES_ERROR;
				GCC_WARN_UNDECLARED_SELECTOR = YES;
				GCC_WARN_UNINITIALIZED_AUTOS = YES_AGGRESSIVE;
				GCC_WARN_UNUSED_FUNCTION = YES;
				GCC_WARN_UNUSED_VARIABLE = YES;
				IPHONEOS_DEPLOYMENT_TARGET = 9.2;
				MTL_ENABLE_DEBUG_INFO = NO;
				SDKROOT = iphoneos;
				VALIDATE_PRODUCT = YES;
			};
			name = Release;
		};
		97A4C9E01C59737E0072C058 /* Debug */ = {
			isa = XCBuildConfiguration;
			buildSettings = {
				ASSETCATALOG_COMPILER_APPICON_NAME = AppIcon;
				INFOPLIST_FILE = BookClub/Info.plist;
				LD_RUNPATH_SEARCH_PATHS = "$(inherited) @executable_path/Frameworks";
				PRODUCT_BUNDLE_IDENTIFIER = andrewchen.BookClub;
				PRODUCT_NAME = "$(TARGET_NAME)";
			};
			name = Debug;
		};
		97A4C9E11C59737E0072C058 /* Release */ = {
			isa = XCBuildConfiguration;
			buildSettings = {
				ASSETCATALOG_COMPILER_APPICON_NAME = AppIcon;
				INFOPLIST_FILE = BookClub/Info.plist;
				LD_RUNPATH_SEARCH_PATHS = "$(inherited) @executable_path/Frameworks";
				PRODUCT_BUNDLE_IDENTIFIER = andrewchen.BookClub;
				PRODUCT_NAME = "$(TARGET_NAME)";
			};
			name = Release;
		};
/* End XCBuildConfiguration section */

/* Begin XCConfigurationList section */
		97A4C9C01C59737E0072C058 /* Build configuration list for PBXProject "BookClub" */ = {
			isa = XCConfigurationList;
			buildConfigurations = (
				97A4C9DD1C59737E0072C058 /* Debug */,
				97A4C9DE1C59737E0072C058 /* Release */,
			);
			defaultConfigurationIsVisible = 0;
			defaultConfigurationName = Release;
		};
		97A4C9DF1C59737E0072C058 /* Build configuration list for PBXNativeTarget "BookClub" */ = {
			isa = XCConfigurationList;
			buildConfigurations = (
				97A4C9E01C59737E0072C058 /* Debug */,
				97A4C9E11C59737E0072C058 /* Release */,
			);
			defaultConfigurationIsVisible = 0;
		};
/* End XCConfigurationList section */

/* Begin XCVersionGroup section */
		97A4C9D41C59737E0072C058 /* BookClub.xcdatamodeld */ = {
			isa = XCVersionGroup;
			children = (
				97A4C9D51C59737E0072C058 /* BookClub.xcdatamodel */,
			);
			currentVersion = 97A4C9D51C59737E0072C058 /* BookClub.xcdatamodel */;
			path = BookClub.xcdatamodeld;
			sourceTree = "<group>";
			versionGroupType = wrapper.xcdatamodel;
		};
/* End XCVersionGroup section */
	};
	rootObject = 97A4C9BD1C59737E0072C058 /* Project object */;
}
